// !$*UTF8*$!
{
	archiveVersion = 1;
	classes = {
	};
	objectVersion = 50;
	objects = {

/* Begin PBXBuildFile section */
		19ECB021190A3784671AAB05 /* Pods_NewsApp.framework in Frameworks */ = {isa = PBXBuildFile; fileRef = ED224EFD4BA8DF9CAD88F69D /* Pods_NewsApp.framework */; };
		7DAB9E3F244D6A3F00F6D03C /* AppDelegate.swift in Sources */ = {isa = PBXBuildFile; fileRef = 7DAB9E3E244D6A3F00F6D03C /* AppDelegate.swift */; };
		7DAB9E41244D6A3F00F6D03C /* SceneDelegate.swift in Sources */ = {isa = PBXBuildFile; fileRef = 7DAB9E40244D6A3F00F6D03C /* SceneDelegate.swift */; };
		7DAB9E43244D6A3F00F6D03C /* ViewController.swift in Sources */ = {isa = PBXBuildFile; fileRef = 7DAB9E42244D6A3F00F6D03C /* ViewController.swift */; };
		7DAB9E46244D6A3F00F6D03C /* Main.storyboard in Resources */ = {isa = PBXBuildFile; fileRef = 7DAB9E44244D6A3F00F6D03C /* Main.storyboard */; };
		7DAB9E48244D6A4100F6D03C /* Assets.xcassets in Resources */ = {isa = PBXBuildFile; fileRef = 7DAB9E47244D6A4100F6D03C /* Assets.xcassets */; };
		7DAB9E4B244D6A4100F6D03C /* LaunchScreen.storyboard in Resources */ = {isa = PBXBuildFile; fileRef = 7DAB9E49244D6A4100F6D03C /* LaunchScreen.storyboard */; };
		7DAB9E56244D6A4100F6D03C /* NewsAppTests.swift in Sources */ = {isa = PBXBuildFile; fileRef = 7DAB9E55244D6A4100F6D03C /* NewsAppTests.swift */; };
		7DAB9E61244D6A4100F6D03C /* NewsAppUITests.swift in Sources */ = {isa = PBXBuildFile; fileRef = 7DAB9E60244D6A4100F6D03C /* NewsAppUITests.swift */; };
		C5972DE02658E4EAABAB8997 /* Pods_NewsAppTests.framework in Frameworks */ = {isa = PBXBuildFile; fileRef = CF4CD081AC9CEBEC863B3FA5 /* Pods_NewsAppTests.framework */; };
		C9CEE7742B2266BB0C76E545 /* Pods_NewsApp_NewsAppUITests.framework in Frameworks */ = {isa = PBXBuildFile; fileRef = 164E3BD1DCC2557EF640BD94 /* Pods_NewsApp_NewsAppUITests.framework */; };
/* End PBXBuildFile section */

/* Begin PBXContainerItemProxy section */
		7DAB9E52244D6A4100F6D03C /* PBXContainerItemProxy */ = {
			isa = PBXContainerItemProxy;
			containerPortal = 7DAB9E33244D6A3F00F6D03C /* Project object */;
			proxyType = 1;
			remoteGlobalIDString = 7DAB9E3A244D6A3F00F6D03C;
			remoteInfo = NewsApp;
		};
		7DAB9E5D244D6A4100F6D03C /* PBXContainerItemProxy */ = {
			isa = PBXContainerItemProxy;
			containerPortal = 7DAB9E33244D6A3F00F6D03C /* Project object */;
			proxyType = 1;
			remoteGlobalIDString = 7DAB9E3A244D6A3F00F6D03C;
			remoteInfo = NewsApp;
		};
/* End PBXContainerItemProxy section */

/* Begin PBXFileReference section */
		164E3BD1DCC2557EF640BD94 /* Pods_NewsApp_NewsAppUITests.framework */ = {isa = PBXFileReference; explicitFileType = wrapper.framework; includeInIndex = 0; path = Pods_NewsApp_NewsAppUITests.framework; sourceTree = BUILT_PRODUCTS_DIR; };
		4C08878A66FD039D19D06CB2 /* Pods-NewsApp-NewsAppUITests.release.xcconfig */ = {isa = PBXFileReference; includeInIndex = 1; lastKnownFileType = text.xcconfig; name = "Pods-NewsApp-NewsAppUITests.release.xcconfig"; path = "Target Support Files/Pods-NewsApp-NewsAppUITests/Pods-NewsApp-NewsAppUITests.release.xcconfig"; sourceTree = "<group>"; };
		7BBF65EEFA2E69FB5ACB3A9C /* Pods-NewsAppTests.release.xcconfig */ = {isa = PBXFileReference; includeInIndex = 1; lastKnownFileType = text.xcconfig; name = "Pods-NewsAppTests.release.xcconfig"; path = "Target Support Files/Pods-NewsAppTests/Pods-NewsAppTests.release.xcconfig"; sourceTree = "<group>"; };
		7DAB9E3B244D6A3F00F6D03C /* NewsApp.app */ = {isa = PBXFileReference; explicitFileType = wrapper.application; includeInIndex = 0; path = NewsApp.app; sourceTree = BUILT_PRODUCTS_DIR; };
		7DAB9E3E244D6A3F00F6D03C /* AppDelegate.swift */ = {isa = PBXFileReference; lastKnownFileType = sourcecode.swift; path = AppDelegate.swift; sourceTree = "<group>"; };
		7DAB9E40244D6A3F00F6D03C /* SceneDelegate.swift */ = {isa = PBXFileReference; lastKnownFileType = sourcecode.swift; path = SceneDelegate.swift; sourceTree = "<group>"; };
		7DAB9E42244D6A3F00F6D03C /* ViewController.swift */ = {isa = PBXFileReference; lastKnownFileType = sourcecode.swift; path = ViewController.swift; sourceTree = "<group>"; };
		7DAB9E45244D6A3F00F6D03C /* Base */ = {isa = PBXFileReference; lastKnownFileType = file.storyboard; name = Base; path = Base.lproj/Main.storyboard; sourceTree = "<group>"; };
		7DAB9E47244D6A4100F6D03C /* Assets.xcassets */ = {isa = PBXFileReference; lastKnownFileType = folder.assetcatalog; path = Assets.xcassets; sourceTree = "<group>"; };
		7DAB9E4A244D6A4100F6D03C /* Base */ = {isa = PBXFileReference; lastKnownFileType = file.storyboard; name = Base; path = Base.lproj/LaunchScreen.storyboard; sourceTree = "<group>"; };
		7DAB9E4C244D6A4100F6D03C /* Info.plist */ = {isa = PBXFileReference; lastKnownFileType = text.plist.xml; path = Info.plist; sourceTree = "<group>"; };
		7DAB9E51244D6A4100F6D03C /* NewsAppTests.xctest */ = {isa = PBXFileReference; explicitFileType = wrapper.cfbundle; includeInIndex = 0; path = NewsAppTests.xctest; sourceTree = BUILT_PRODUCTS_DIR; };
		7DAB9E55244D6A4100F6D03C /* NewsAppTests.swift */ = {isa = PBXFileReference; lastKnownFileType = sourcecode.swift; path = NewsAppTests.swift; sourceTree = "<group>"; };
		7DAB9E57244D6A4100F6D03C /* Info.plist */ = {isa = PBXFileReference; lastKnownFileType = text.plist.xml; path = Info.plist; sourceTree = "<group>"; };
		7DAB9E5C244D6A4100F6D03C /* NewsAppUITests.xctest */ = {isa = PBXFileReference; explicitFileType = wrapper.cfbundle; includeInIndex = 0; path = NewsAppUITests.xctest; sourceTree = BUILT_PRODUCTS_DIR; };
		7DAB9E60244D6A4100F6D03C /* NewsAppUITests.swift */ = {isa = PBXFileReference; lastKnownFileType = sourcecode.swift; path = NewsAppUITests.swift; sourceTree = "<group>"; };
		7DAB9E62244D6A4100F6D03C /* Info.plist */ = {isa = PBXFileReference; lastKnownFileType = text.plist.xml; path = Info.plist; sourceTree = "<group>"; };
		A3BE66F5D9FE899C9354456B /* Pods-NewsAppTests.debug.xcconfig */ = {isa = PBXFileReference; includeInIndex = 1; lastKnownFileType = text.xcconfig; name = "Pods-NewsAppTests.debug.xcconfig"; path = "Target Support Files/Pods-NewsAppTests/Pods-NewsAppTests.debug.xcconfig"; sourceTree = "<group>"; };
		B50A3B62E907DD46077C3BD5 /* Pods-NewsApp.release.xcconfig */ = {isa = PBXFileReference; includeInIndex = 1; lastKnownFileType = text.xcconfig; name = "Pods-NewsApp.release.xcconfig"; path = "Target Support Files/Pods-NewsApp/Pods-NewsApp.release.xcconfig"; sourceTree = "<group>"; };
		B79CF9F51743EEA668886734 /* Pods-NewsApp-NewsAppUITests.debug.xcconfig */ = {isa = PBXFileReference; includeInIndex = 1; lastKnownFileType = text.xcconfig; name = "Pods-NewsApp-NewsAppUITests.debug.xcconfig"; path = "Target Support Files/Pods-NewsApp-NewsAppUITests/Pods-NewsApp-NewsAppUITests.debug.xcconfig"; sourceTree = "<group>"; };
		CC9D9C876687EB3A0738E93D /* Pods-NewsApp.debug.xcconfig */ = {isa = PBXFileReference; includeInIndex = 1; lastKnownFileType = text.xcconfig; name = "Pods-NewsApp.debug.xcconfig"; path = "Target Support Files/Pods-NewsApp/Pods-NewsApp.debug.xcconfig"; sourceTree = "<group>"; };
		CF4CD081AC9CEBEC863B3FA5 /* Pods_NewsAppTests.framework */ = {isa = PBXFileReference; explicitFileType = wrapper.framework; includeInIndex = 0; path = Pods_NewsAppTests.framework; sourceTree = BUILT_PRODUCTS_DIR; };
		ED224EFD4BA8DF9CAD88F69D /* Pods_NewsApp.framework */ = {isa = PBXFileReference; explicitFileType = wrapper.framework; includeInIndex = 0; path = Pods_NewsApp.framework; sourceTree = BUILT_PRODUCTS_DIR; };
/* End PBXFileReference section */

/* Begin PBXFrameworksBuildPhase section */
		7DAB9E38244D6A3F00F6D03C /* Frameworks */ = {
			isa = PBXFrameworksBuildPhase;
			buildActionMask = 2147483647;
			files = (
				19ECB021190A3784671AAB05 /* Pods_NewsApp.framework in Frameworks */,
			);
			runOnlyForDeploymentPostprocessing = 0;
		};
		7DAB9E4E244D6A4100F6D03C /* Frameworks */ = {
			isa = PBXFrameworksBuildPhase;
			buildActionMask = 2147483647;
			files = (
				C5972DE02658E4EAABAB8997 /* Pods_NewsAppTests.framework in Frameworks */,
			);
			runOnlyForDeploymentPostprocessing = 0;
		};
		7DAB9E59244D6A4100F6D03C /* Frameworks */ = {
			isa = PBXFrameworksBuildPhase;
			buildActionMask = 2147483647;
			files = (
				C9CEE7742B2266BB0C76E545 /* Pods_NewsApp_NewsAppUITests.framework in Frameworks */,
			);
			runOnlyForDeploymentPostprocessing = 0;
		};
/* End PBXFrameworksBuildPhase section */

/* Begin PBXGroup section */
		7DAB9E32244D6A3F00F6D03C = {
			isa = PBXGroup;
			children = (
				7DAB9E3D244D6A3F00F6D03C /* NewsApp */,
				7DAB9E54244D6A4100F6D03C /* NewsAppTests */,
				7DAB9E5F244D6A4100F6D03C /* NewsAppUITests */,
				7DAB9E3C244D6A3F00F6D03C /* Products */,
				B4C08AE5A5D00FE98F8AC113 /* Pods */,
				9206871798F9AA340193894B /* Frameworks */,
			);
			sourceTree = "<group>";
		};
		7DAB9E3C244D6A3F00F6D03C /* Products */ = {
			isa = PBXGroup;
			children = (
				7DAB9E3B244D6A3F00F6D03C /* NewsApp.app */,
				7DAB9E51244D6A4100F6D03C /* NewsAppTests.xctest */,
				7DAB9E5C244D6A4100F6D03C /* NewsAppUITests.xctest */,
			);
			name = Products;
			sourceTree = "<group>";
		};
		7DAB9E3D244D6A3F00F6D03C /* NewsApp */ = {
			isa = PBXGroup;
			children = (
				7DAB9E3E244D6A3F00F6D03C /* AppDelegate.swift */,
				7DAB9E40244D6A3F00F6D03C /* SceneDelegate.swift */,
				7DAB9E42244D6A3F00F6D03C /* ViewController.swift */,
				7DAB9E44244D6A3F00F6D03C /* Main.storyboard */,
				7DAB9E47244D6A4100F6D03C /* Assets.xcassets */,
				7DAB9E49244D6A4100F6D03C /* LaunchScreen.storyboard */,
				7DAB9E4C244D6A4100F6D03C /* Info.plist */,
			);
			path = NewsApp;
			sourceTree = "<group>";
		};
		7DAB9E54244D6A4100F6D03C /* NewsAppTests */ = {
			isa = PBXGroup;
			children = (
				7DAB9E55244D6A4100F6D03C /* NewsAppTests.swift */,
				7DAB9E57244D6A4100F6D03C /* Info.plist */,
			);
			path = NewsAppTests;
			sourceTree = "<group>";
		};
		7DAB9E5F244D6A4100F6D03C /* NewsAppUITests */ = {
			isa = PBXGroup;
			children = (
				7DAB9E60244D6A4100F6D03C /* NewsAppUITests.swift */,
				7DAB9E62244D6A4100F6D03C /* Info.plist */,
			);
			path = NewsAppUITests;
			sourceTree = "<group>";
		};
		9206871798F9AA340193894B /* Frameworks */ = {
			isa = PBXGroup;
			children = (
				ED224EFD4BA8DF9CAD88F69D /* Pods_NewsApp.framework */,
				164E3BD1DCC2557EF640BD94 /* Pods_NewsApp_NewsAppUITests.framework */,
				CF4CD081AC9CEBEC863B3FA5 /* Pods_NewsAppTests.framework */,
			);
			name = Frameworks;
			sourceTree = "<group>";
		};
		B4C08AE5A5D00FE98F8AC113 /* Pods */ = {
			isa = PBXGroup;
			children = (
				CC9D9C876687EB3A0738E93D /* Pods-NewsApp.debug.xcconfig */,
				B50A3B62E907DD46077C3BD5 /* Pods-NewsApp.release.xcconfig */,
				B79CF9F51743EEA668886734 /* Pods-NewsApp-NewsAppUITests.debug.xcconfig */,
				4C08878A66FD039D19D06CB2 /* Pods-NewsApp-NewsAppUITests.release.xcconfig */,
				A3BE66F5D9FE899C9354456B /* Pods-NewsAppTests.debug.xcconfig */,
				7BBF65EEFA2E69FB5ACB3A9C /* Pods-NewsAppTests.release.xcconfig */,
			);
			name = Pods;
			path = Pods;
			sourceTree = "<group>";
		};
/* End PBXGroup section */

/* Begin PBXNativeTarget section */
		7DAB9E3A244D6A3F00F6D03C /* NewsApp */ = {
			isa = PBXNativeTarget;
			buildConfigurationList = 7DAB9E65244D6A4100F6D03C /* Build configuration list for PBXNativeTarget "NewsApp" */;
			buildPhases = (
				4EB367BBDD65101DD744A7DF /* [CP] Check Pods Manifest.lock */,
				7DAB9E37244D6A3F00F6D03C /* Sources */,
				7DAB9E38244D6A3F00F6D03C /* Frameworks */,
				7DAB9E39244D6A3F00F6D03C /* Resources */,
			);
			buildRules = (
			);
			dependencies = (
			);
			name = NewsApp;
			productName = NewsApp;
			productReference = 7DAB9E3B244D6A3F00F6D03C /* NewsApp.app */;
			productType = "com.apple.product-type.application";
		};
		7DAB9E50244D6A4100F6D03C /* NewsAppTests */ = {
			isa = PBXNativeTarget;
			buildConfigurationList = 7DAB9E68244D6A4100F6D03C /* Build configuration list for PBXNativeTarget "NewsAppTests" */;
			buildPhases = (
				33185AF62931AC144AC7FE56 /* [CP] Check Pods Manifest.lock */,
				7DAB9E4D244D6A4100F6D03C /* Sources */,
				7DAB9E4E244D6A4100F6D03C /* Frameworks */,
				7DAB9E4F244D6A4100F6D03C /* Resources */,
			);
			buildRules = (
			);
			dependencies = (
				7DAB9E53244D6A4100F6D03C /* PBXTargetDependency */,
			);
			name = NewsAppTests;
			productName = NewsAppTests;
			productReference = 7DAB9E51244D6A4100F6D03C /* NewsAppTests.xctest */;
			productType = "com.apple.product-type.bundle.unit-test";
		};
		7DAB9E5B244D6A4100F6D03C /* NewsAppUITests */ = {
			isa = PBXNativeTarget;
			buildConfigurationList = 7DAB9E6B244D6A4100F6D03C /* Build configuration list for PBXNativeTarget "NewsAppUITests" */;
			buildPhases = (
				96850B38F718F32BBEC0CDEF /* [CP] Check Pods Manifest.lock */,
				7DAB9E58244D6A4100F6D03C /* Sources */,
				7DAB9E59244D6A4100F6D03C /* Frameworks */,
				7DAB9E5A244D6A4100F6D03C /* Resources */,
			);
			buildRules = (
			);
			dependencies = (
				7DAB9E5E244D6A4100F6D03C /* PBXTargetDependency */,
			);
			name = NewsAppUITests;
			productName = NewsAppUITests;
			productReference = 7DAB9E5C244D6A4100F6D03C /* NewsAppUITests.xctest */;
			productType = "com.apple.product-type.bundle.ui-testing";
		};
/* End PBXNativeTarget section */

/* Begin PBXProject section */
		7DAB9E33244D6A3F00F6D03C /* Project object */ = {
			isa = PBXProject;
			attributes = {
				LastSwiftUpdateCheck = 1140;
				LastUpgradeCheck = 1140;
				ORGANIZATIONNAME = "Kazutomo Kita";
				TargetAttributes = {
					7DAB9E3A244D6A3F00F6D03C = {
						CreatedOnToolsVersion = 11.4;
					};
					7DAB9E50244D6A4100F6D03C = {
						CreatedOnToolsVersion = 11.4;
						TestTargetID = 7DAB9E3A244D6A3F00F6D03C;
					};
					7DAB9E5B244D6A4100F6D03C = {
						CreatedOnToolsVersion = 11.4;
						TestTargetID = 7DAB9E3A244D6A3F00F6D03C;
					};
				};
			};
			buildConfigurationList = 7DAB9E36244D6A3F00F6D03C /* Build configuration list for PBXProject "NewsApp" */;
			compatibilityVersion = "Xcode 9.3";
			developmentRegion = en;
			hasScannedForEncodings = 0;
			knownRegions = (
				en,
				Base,
			);
			mainGroup = 7DAB9E32244D6A3F00F6D03C;
			productRefGroup = 7DAB9E3C244D6A3F00F6D03C /* Products */;
			projectDirPath = "";
			projectRoot = "";
			targets = (
				7DAB9E3A244D6A3F00F6D03C /* NewsApp */,
				7DAB9E50244D6A4100F6D03C /* NewsAppTests */,
				7DAB9E5B244D6A4100F6D03C /* NewsAppUITests */,
			);
		};
/* End PBXProject section */

/* Begin PBXResourcesBuildPhase section */
		7DAB9E39244D6A3F00F6D03C /* Resources */ = {
			isa = PBXResourcesBuildPhase;
			buildActionMask = 2147483647;
			files = (
				7DAB9E4B244D6A4100F6D03C /* LaunchScreen.storyboard in Resources */,
				7DAB9E48244D6A4100F6D03C /* Assets.xcassets in Resources */,
				7DAB9E46244D6A3F00F6D03C /* Main.storyboard in Resources */,
			);
			runOnlyForDeploymentPostprocessing = 0;
		};
		7DAB9E4F244D6A4100F6D03C /* Resources */ = {
			isa = PBXResourcesBuildPhase;
			buildActionMask = 2147483647;
			files = (
			);
			runOnlyForDeploymentPostprocessing = 0;
		};
		7DAB9E5A244D6A4100F6D03C /* Resources */ = {
			isa = PBXResourcesBuildPhase;
			buildActionMask = 2147483647;
			files = (
			);
			runOnlyForDeploymentPostprocessing = 0;
		};
/* End PBXResourcesBuildPhase section */

/* Begin PBXShellScriptBuildPhase section */
		33185AF62931AC144AC7FE56 /* [CP] Check Pods Manifest.lock */ = {
			isa = PBXShellScriptBuildPhase;
			buildActionMask = 2147483647;
			files = (
			);
			inputFileListPaths = (
			);
			inputPaths = (
				"${PODS_PODFILE_DIR_PATH}/Podfile.lock",
				"${PODS_ROOT}/Manifest.lock",
			);
			name = "[CP] Check Pods Manifest.lock";
			outputFileListPaths = (
			);
			outputPaths = (
				"$(DERIVED_FILE_DIR)/Pods-NewsAppTests-checkManifestLockResult.txt",
			);
			runOnlyForDeploymentPostprocessing = 0;
			shellPath = /bin/sh;
			shellScript = "diff \"${PODS_PODFILE_DIR_PATH}/Podfile.lock\" \"${PODS_ROOT}/Manifest.lock\" > /dev/null\nif [ $? != 0 ] ; then\n    # print error to STDERR\n    echo \"error: The sandbox is not in sync with the Podfile.lock. Run 'pod install' or update your CocoaPods installation.\" >&2\n    exit 1\nfi\n# This output is used by Xcode 'outputs' to avoid re-running this script phase.\necho \"SUCCESS\" > \"${SCRIPT_OUTPUT_FILE_0}\"\n";
			showEnvVarsInLog = 0;
		};
		4EB367BBDD65101DD744A7DF /* [CP] Check Pods Manifest.lock */ = {
			isa = PBXShellScriptBuildPhase;
			buildActionMask = 2147483647;
			files = (
			);
			inputFileListPaths = (
			);
			inputPaths = (
				"${PODS_PODFILE_DIR_PATH}/Podfile.lock",
				"${PODS_ROOT}/Manifest.lock",
			);
			name = "[CP] Check Pods Manifest.lock";
			outputFileListPaths = (
			);
			outputPaths = (
				"$(DERIVED_FILE_DIR)/Pods-NewsApp-checkManifestLockResult.txt",
			);
			runOnlyForDeploymentPostprocessing = 0;
			shellPath = /bin/sh;
			shellScript = "diff \"${PODS_PODFILE_DIR_PATH}/Podfile.lock\" \"${PODS_ROOT}/Manifest.lock\" > /dev/null\nif [ $? != 0 ] ; then\n    # print error to STDERR\n    echo \"error: The sandbox is not in sync with the Podfile.lock. Run 'pod install' or update your CocoaPods installation.\" >&2\n    exit 1\nfi\n# This output is used by Xcode 'outputs' to avoid re-running this script phase.\necho \"SUCCESS\" > \"${SCRIPT_OUTPUT_FILE_0}\"\n";
			showEnvVarsInLog = 0;
		};
		96850B38F718F32BBEC0CDEF /* [CP] Check Pods Manifest.lock */ = {
			isa = PBXShellScriptBuildPhase;
			buildActionMask = 2147483647;
			files = (
			);
			inputFileListPaths = (
			);
			inputPaths = (
				"${PODS_PODFILE_DIR_PATH}/Podfile.lock",
				"${PODS_ROOT}/Manifest.lock",
			);
			name = "[CP] Check Pods Manifest.lock";
			outputFileListPaths = (
			);
			outputPaths = (
				"$(DERIVED_FILE_DIR)/Pods-NewsApp-NewsAppUITests-checkManifestLockResult.txt",
			);
			runOnlyForDeploymentPostprocessing = 0;
			shellPath = /bin/sh;
			shellScript = "diff \"${PODS_PODFILE_DIR_PATH}/Podfile.lock\" \"${PODS_ROOT}/Manifest.lock\" > /dev/null\nif [ $? != 0 ] ; then\n    # print error to STDERR\n    echo \"error: The sandbox is not in sync with the Podfile.lock. Run 'pod install' or update your CocoaPods installation.\" >&2\n    exit 1\nfi\n# This output is used by Xcode 'outputs' to avoid re-running this script phase.\necho \"SUCCESS\" > \"${SCRIPT_OUTPUT_FILE_0}\"\n";
			showEnvVarsInLog = 0;
		};
/* End PBXShellScriptBuildPhase section */

/* Begin PBXSourcesBuildPhase section */
		7DAB9E37244D6A3F00F6D03C /* Sources */ = {
			isa = PBXSourcesBuildPhase;
			buildActionMask = 2147483647;
			files = (
				7DAB9E43244D6A3F00F6D03C /* ViewController.swift in Sources */,
				7DAB9E3F244D6A3F00F6D03C /* AppDelegate.swift in Sources */,
				7DAB9E41244D6A3F00F6D03C /* SceneDelegate.swift in Sources */,
			);
			runOnlyForDeploymentPostprocessing = 0;
		};
		7DAB9E4D244D6A4100F6D03C /* Sources */ = {
			isa = PBXSourcesBuildPhase;
			buildActionMask = 2147483647;
			files = (
				7DAB9E56244D6A4100F6D03C /* NewsAppTests.swift in Sources */,
			);
			runOnlyForDeploymentPostprocessing = 0;
		};
		7DAB9E58244D6A4100F6D03C /* Sources */ = {
			isa = PBXSourcesBuildPhase;
			buildActionMask = 2147483647;
			files = (
				7DAB9E61244D6A4100F6D03C /* NewsAppUITests.swift in Sources */,
			);
			runOnlyForDeploymentPostprocessing = 0;
		};
/* End PBXSourcesBuildPhase section */

/* Begin PBXTargetDependency section */
		7DAB9E53244D6A4100F6D03C /* PBXTargetDependency */ = {
			isa = PBXTargetDependency;
			target = 7DAB9E3A244D6A3F00F6D03C /* NewsApp */;
			targetProxy = 7DAB9E52244D6A4100F6D03C /* PBXContainerItemProxy */;
		};
		7DAB9E5E244D6A4100F6D03C /* PBXTargetDependency */ = {
			isa = PBXTargetDependency;
			target = 7DAB9E3A244D6A3F00F6D03C /* NewsApp */;
			targetProxy = 7DAB9E5D244D6A4100F6D03C /* PBXContainerItemProxy */;
		};
/* End PBXTargetDependency section */

/* Begin PBXVariantGroup section */
		7DAB9E44244D6A3F00F6D03C /* Main.storyboard */ = {
			isa = PBXVariantGroup;
			children = (
				7DAB9E45244D6A3F00F6D03C /* Base */,
			);
			name = Main.storyboard;
			sourceTree = "<group>";
		};
		7DAB9E49244D6A4100F6D03C /* LaunchScreen.storyboard */ = {
			isa = PBXVariantGroup;
			children = (
				7DAB9E4A244D6A4100F6D03C /* Base */,
			);
			name = LaunchScreen.storyboard;
			sourceTree = "<group>";
		};
/* End PBXVariantGroup section */

/* Begin XCBuildConfiguration section */
		7DAB9E63244D6A4100F6D03C /* Debug */ = {
			isa = XCBuildConfiguration;
			buildSettings = {
				ALWAYS_SEARCH_USER_PATHS = NO;
				CLANG_ANALYZER_NONNULL = YES;
				CLANG_ANALYZER_NUMBER_OBJECT_CONVERSION = YES_AGGRESSIVE;
				CLANG_CXX_LANGUAGE_STANDARD = "gnu++14";
				CLANG_CXX_LIBRARY = "libc++";
				CLANG_ENABLE_MODULES = YES;
				CLANG_ENABLE_OBJC_ARC = YES;
				CLANG_ENABLE_OBJC_WEAK = YES;
				CLANG_WARN_BLOCK_CAPTURE_AUTORELEASING = YES;
				CLANG_WARN_BOOL_CONVERSION = YES;
				CLANG_WARN_COMMA = YES;
				CLANG_WARN_CONSTANT_CONVERSION = YES;
				CLANG_WARN_DEPRECATED_OBJC_IMPLEMENTATIONS = YES;
				CLANG_WARN_DIRECT_OBJC_ISA_USAGE = YES_ERROR;
				CLANG_WARN_DOCUMENTATION_COMMENTS = YES;
				CLANG_WARN_EMPTY_BODY = YES;
				CLANG_WARN_ENUM_CONVERSION = YES;
				CLANG_WARN_INFINITE_RECURSION = YES;
				CLANG_WARN_INT_CONVERSION = YES;
				CLANG_WARN_NON_LITERAL_NULL_CONVERSION = YES;
				CLANG_WARN_OBJC_IMPLICIT_RETAIN_SELF = YES;
				CLANG_WARN_OBJC_LITERAL_CONVERSION = YES;
				CLANG_WARN_OBJC_ROOT_CLASS = YES_ERROR;
				CLANG_WARN_RANGE_LOOP_ANALYSIS = YES;
				CLANG_WARN_STRICT_PROTOTYPES = YES;
				CLANG_WARN_SUSPICIOUS_MOVE = YES;
				CLANG_WARN_UNGUARDED_AVAILABILITY = YES_AGGRESSIVE;
				CLANG_WARN_UNREACHABLE_CODE = YES;
				CLANG_WARN__DUPLICATE_METHOD_MATCH = YES;
				COPY_PHASE_STRIP = NO;
				DEBUG_INFORMATION_FORMAT = dwarf;
				ENABLE_STRICT_OBJC_MSGSEND = YES;
				ENABLE_TESTABILITY = YES;
				GCC_C_LANGUAGE_STANDARD = gnu11;
				GCC_DYNAMIC_NO_PIC = NO;
				GCC_NO_COMMON_BLOCKS = YES;
				GCC_OPTIMIZATION_LEVEL = 0;
				GCC_PREPROCESSOR_DEFINITIONS = (
					"DEBUG=1",
					"$(inherited)",
				);
				GCC_WARN_64_TO_32_BIT_CONVERSION = YES;
				GCC_WARN_ABOUT_RETURN_TYPE = YES_ERROR;
				GCC_WARN_UNDECLARED_SELECTOR = YES;
				GCC_WARN_UNINITIALIZED_AUTOS = YES_AGGRESSIVE;
				GCC_WARN_UNUSED_FUNCTION = YES;
				GCC_WARN_UNUSED_VARIABLE = YES;
				IPHONEOS_DEPLOYMENT_TARGET = 13.4;
				MTL_ENABLE_DEBUG_INFO = INCLUDE_SOURCE;
				MTL_FAST_MATH = YES;
				ONLY_ACTIVE_ARCH = YES;
				SDKROOT = iphoneos;
				SWIFT_ACTIVE_COMPILATION_CONDITIONS = DEBUG;
				SWIFT_OPTIMIZATION_LEVEL = "-Onone";
			};
			name = Debug;
		};
		7DAB9E64244D6A4100F6D03C /* Release */ = {
			isa = XCBuildConfiguration;
			buildSettings = {
				ALWAYS_SEARCH_USER_PATHS = NO;
				CLANG_ANALYZER_NONNULL = YES;
				CLANG_ANALYZER_NUMBER_OBJECT_CONVERSION = YES_AGGRESSIVE;
				CLANG_CXX_LANGUAGE_STANDARD = "gnu++14";
				CLANG_CXX_LIBRARY = "libc++";
				CLANG_ENABLE_MODULES = YES;
				CLANG_ENABLE_OBJC_ARC = YES;
				CLANG_ENABLE_OBJC_WEAK = YES;
				CLANG_WARN_BLOCK_CAPTURE_AUTORELEASING = YES;
				CLANG_WARN_BOOL_CONVERSION = YES;
				CLANG_WARN_COMMA = YES;
				CLANG_WARN_CONSTANT_CONVERSION = YES;
				CLANG_WARN_DEPRECATED_OBJC_IMPLEMENTATIONS = YES;
				CLANG_WARN_DIRECT_OBJC_ISA_USAGE = YES_ERROR;
				CLANG_WARN_DOCUMENTATION_COMMENTS = YES;
				CLANG_WARN_EMPTY_BODY = YES;
				CLANG_WARN_ENUM_CONVERSION = YES;
				CLANG_WARN_INFINITE_RECURSION = YES;
				CLANG_WARN_INT_CONVERSION = YES;
				CLANG_WARN_NON_LITERAL_NULL_CONVERSION = YES;
				CLANG_WARN_OBJC_IMPLICIT_RETAIN_SELF = YES;
				CLANG_WARN_OBJC_LITERAL_CONVERSION = YES;
				CLANG_WARN_OBJC_ROOT_CLASS = YES_ERROR;
				CLANG_WARN_RANGE_LOOP_ANALYSIS = YES;
				CLANG_WARN_STRICT_PROTOTYPES = YES;
				CLANG_WARN_SUSPICIOUS_MOVE = YES;
				CLANG_WARN_UNGUARDED_AVAILABILITY = YES_AGGRESSIVE;
				CLANG_WARN_UNREACHABLE_CODE = YES;
				CLANG_WARN__DUPLICATE_METHOD_MATCH = YES;
				COPY_PHASE_STRIP = NO;
				DEBUG_INFORMATION_FORMAT = "dwarf-with-dsym";
				ENABLE_NS_ASSERTIONS = NO;
				ENABLE_STRICT_OBJC_MSGSEND = YES;
				GCC_C_LANGUAGE_STANDARD = gnu11;
				GCC_NO_COMMON_BLOCKS = YES;
				GCC_WARN_64_TO_32_BIT_CONVERSION = YES;
				GCC_WARN_ABOUT_RETURN_TYPE = YES_ERROR;
				GCC_WARN_UNDECLARED_SELECTOR = YES;
				GCC_WARN_UNINITIALIZED_AUTOS = YES_AGGRESSIVE;
				GCC_WARN_UNUSED_FUNCTION = YES;
				GCC_WARN_UNUSED_VARIABLE = YES;
				IPHONEOS_DEPLOYMENT_TARGET = 13.4;
				MTL_ENABLE_DEBUG_INFO = NO;
				MTL_FAST_MATH = YES;
				SDKROOT = iphoneos;
				SWIFT_COMPILATION_MODE = wholemodule;
				SWIFT_OPTIMIZATION_LEVEL = "-O";
				VALIDATE_PRODUCT = YES;
			};
			name = Release;
		};
		7DAB9E66244D6A4100F6D03C /* Debug */ = {
			isa = XCBuildConfiguration;
			baseConfigurationReference = CC9D9C876687EB3A0738E93D /* Pods-NewsApp.debug.xcconfig */;
			buildSettings = {
				ASSETCATALOG_COMPILER_APPICON_NAME = AppIcon;
				CODE_SIGN_STYLE = Automatic;
				INFOPLIST_FILE = NewsApp/Info.plist;
				LD_RUNPATH_SEARCH_PATHS = (
					"$(inherited)",
					"@executable_path/Frameworks",
				);
				PRODUCT_BUNDLE_IDENTIFIER = kitak.NewsApp;
				PRODUCT_NAME = "$(TARGET_NAME)";
				SWIFT_VERSION = 5.0;
				TARGETED_DEVICE_FAMILY = "1,2";
			};
			name = Debug;
		};
		7DAB9E67244D6A4100F6D03C /* Release */ = {
			isa = XCBuildConfiguration;
			baseConfigurationReference = B50A3B62E907DD46077C3BD5 /* Pods-NewsApp.release.xcconfig */;
			buildSettings = {
				ASSETCATALOG_COMPILER_APPICON_NAME = AppIcon;
				CODE_SIGN_STYLE = Automatic;
				INFOPLIST_FILE = NewsApp/Info.plist;
				LD_RUNPATH_SEARCH_PATHS = (
					"$(inherited)",
					"@executable_path/Frameworks",
				);
				PRODUCT_BUNDLE_IDENTIFIER = kitak.NewsApp;
				PRODUCT_NAME = "$(TARGET_NAME)";
				SWIFT_VERSION = 5.0;
				TARGETED_DEVICE_FAMILY = "1,2";
			};
			name = Release;
		};
		7DAB9E69244D6A4100F6D03C /* Debug */ = {
			isa = XCBuildConfiguration;
			baseConfigurationReference = A3BE66F5D9FE899C9354456B /* Pods-NewsAppTests.debug.xcconfig */;
			buildSettings = {
				ALWAYS_EMBED_SWIFT_STANDARD_LIBRARIES = YES;
				BUNDLE_LOADER = "$(TEST_HOST)";
				CODE_SIGN_STYLE = Automatic;
				INFOPLIST_FILE = NewsAppTests/Info.plist;
				IPHONEOS_DEPLOYMENT_TARGET = 13.4;
				LD_RUNPATH_SEARCH_PATHS = (
					"$(inherited)",
					"@executable_path/Frameworks",
					"@loader_path/Frameworks",
				);
				PRODUCT_BUNDLE_IDENTIFIER = kitak.NewsAppTests;
				PRODUCT_NAME = "$(TARGET_NAME)";
				SWIFT_VERSION = 5.0;
				TARGETED_DEVICE_FAMILY = "1,2";
				TEST_HOST = "$(BUILT_PRODUCTS_DIR)/NewsApp.app/NewsApp";
			};
			name = Debug;
		};
		7DAB9E6A244D6A4100F6D03C /* Release */ = {
			isa = XCBuildConfiguration;
			baseConfigurationReference = 7BBF65EEFA2E69FB5ACB3A9C /* Pods-NewsAppTests.release.xcconfig */;
			buildSettings = {
				ALWAYS_EMBED_SWIFT_STANDARD_LIBRARIES = YES;
				BUNDLE_LOADER = "$(TEST_HOST)";
				CODE_SIGN_STYLE = Automatic;
				INFOPLIST_FILE = NewsAppTests/Info.plist;
				IPHONEOS_DEPLOYMENT_TARGET = 13.4;
				LD_RUNPATH_SEARCH_PATHS = (
					"$(inherited)",
					"@executable_path/Frameworks",
					"@loader_path/Frameworks",
				);
				PRODUCT_BUNDLE_IDENTIFIER = kitak.NewsAppTests;
				PRODUCT_NAME = "$(TARGET_NAME)";
				SWIFT_VERSION = 5.0;
				TARGETED_DEVICE_FAMILY = "1,2";
				TEST_HOST = "$(BUILT_PRODUCTS_DIR)/NewsApp.app/NewsApp";
			};
			name = Release;
		};
		7DAB9E6C244D6A4100F6D03C /* Debug */ = {
			isa = XCBuildConfiguration;
			baseConfigurationReference = B79CF9F51743EEA668886734 /* Pods-NewsApp-NewsAppUITests.debug.xcconfig */;
			buildSettings = {
				ALWAYS_EMBED_SWIFT_STANDARD_LIBRARIES = YES;
				CODE_SIGN_STYLE = Automatic;
				INFOPLIST_FILE = NewsAppUITests/Info.plist;
				LD_RUNPATH_SEARCH_PATHS = (
					"$(inherited)",
					"@executable_path/Frameworks",
					"@loader_path/Frameworks",
				);
				PRODUCT_BUNDLE_IDENTIFIER = kitak.NewsAppUITests;
				PRODUCT_NAME = "$(TARGET_NAME)";
				SWIFT_VERSION = 5.0;
				TARGETED_DEVICE_FAMILY = "1,2";
				TEST_TARGET_NAME = NewsApp;
			};
			name = Debug;
		};
		7DAB9E6D244D6A4100F6D03C /* Release */ = {
			isa = XCBuildConfiguration;
			baseConfigurationReference = 4C08878A66FD039D19D06CB2 /* Pods-NewsApp-NewsAppUITests.release.xcconfig */;
			buildSettings = {
				ALWAYS_EMBED_SWIFT_STANDARD_LIBRARIES = YES;
				CODE_SIGN_STYLE = Automatic;
				INFOPLIST_FILE = NewsAppUITests/Info.plist;
				LD_RUNPATH_SEARCH_PATHS = (
					"$(inherited)",
					"@executable_path/Frameworks",
					"@loader_path/Frameworks",
				);
				PRODUCT_BUNDLE_IDENTIFIER = kitak.NewsAppUITests;
				PRODUCT_NAME = "$(TARGET_NAME)";
				SWIFT_VERSION = 5.0;
				TARGETED_DEVICE_FAMILY = "1,2";
				TEST_TARGET_NAME = NewsApp;
			};
			name = Release;
		};
/* End XCBuildConfiguration section */

/* Begin XCConfigurationList section */
		7DAB9E36244D6A3F00F6D03C /* Build configuration list for PBXProject "NewsApp" */ = {
			isa = XCConfigurationList;
			buildConfigurations = (
				7DAB9E63244D6A4100F6D03C /* Debug */,
				7DAB9E64244D6A4100F6D03C /* Release */,
			);
			defaultConfigurationIsVisible = 0;
			defaultConfigurationName = Release;
		};
		7DAB9E65244D6A4100F6D03C /* Build configuration list for PBXNativeTarget "NewsApp" */ = {
			isa = XCConfigurationList;
			buildConfigurations = (
				7DAB9E66244D6A4100F6D03C /* Debug */,
				7DAB9E67244D6A4100F6D03C /* Release */,
			);
			defaultConfigurationIsVisible = 0;
			defaultConfigurationName = Release;
		};
		7DAB9E68244D6A4100F6D03C /* Build configuration list for PBXNativeTarget "NewsAppTests" */ = {
			isa = XCConfigurationList;
			buildConfigurations = (
				7DAB9E69244D6A4100F6D03C /* Debug */,
				7DAB9E6A244D6A4100F6D03C /* Release */,
			);
			defaultConfigurationIsVisible = 0;
			defaultConfigurationName = Release;
		};
		7DAB9E6B244D6A4100F6D03C /* Build configuration list for PBXNativeTarget "NewsAppUITests" */ = {
			isa = XCConfigurationList;
			buildConfigurations = (
				7DAB9E6C244D6A4100F6D03C /* Debug */,
				7DAB9E6D244D6A4100F6D03C /* Release */,
			);
			defaultConfigurationIsVisible = 0;
			defaultConfigurationName = Release;
		};
/* End XCConfigurationList section */
	};
	rootObject = 7DAB9E33244D6A3F00F6D03C /* Project object */;
}
